
Microsoft Visual Studio Solution File, Format Version 12.00
# Visual Studio Version 17
VisualStudioVersion = 17.4.33103.184
MinimumVisualStudioVersion = 10.0.40219.1
Project("{FAE04EC0-301F-11D3-BF4B-00C04F79EFBC}") = "WebAppTodo", "WebAppTodo\WebAppTodo.csproj", "{26D3B0EF-FFE8-4A08-BAD8-B11A9DA5F9FF}"
EndProject
Global
	GlobalSection(SolutionConfigurationPlatforms) = preSolution
		Debug|Any CPU = Debug|Any CPU
		Release|Any CPU = Release|Any CPU
	EndGlobalSection
	GlobalSection(ProjectConfigurationPlatforms) = postSolution
		{26D3B0EF-FFE8-4A08-BAD8-B11A9DA5F9FF}.Debug|Any CPU.ActiveCfg = Debug|Any CPU
		{26D3B0EF-FFE8-4A08-BAD8-B11A9DA5F9FF}.Debug|Any CPU.Build.0 = Debug|Any CPU
		{26D3B0EF-FFE8-4A08-BAD8-B11A9DA5F9FF}.Release|Any CPU.ActiveCfg = Release|Any CPU
		{26D3B0EF-FFE8-4A08-BAD8-B11A9DA5F9FF}.Release|Any CPU.Build.0 = Release|Any CPU
	EndGlobalSection
	GlobalSection(SolutionProperties) = preSolution
		HideSolutionNode = FALSE
	EndGlobalSection
	GlobalSection(ExtensibilityGlobals) = postSolution
		SolutionGuid = {5E240E01-E26D-4D27-AA9C-0675ECE5D7CA}
	EndGlobalSection
EndGlobal
